{
  "name": "code",
  "lockfileVersion": 2,
  "requires": true,
  "packages": {
    "": {
      "dependencies": {
        "logrocket": "^2.2.0"
      }
    },
    "node_modules/logrocket": {
      "version": "2.2.0",
      "resolved": "https://registry.npmjs.org/logrocket/-/logrocket-2.2.0.tgz",
      "integrity": "sha512-YYZqYj4UjC9h992+yNt5E+h1bXCKyVjTa1UlbgK/onhLfNV/78tRqw9Ti7XBcwqOgaFsD2xrDDl+emZH36ch8g=="
    }
  },
  "dependencies": {
    "logrocket": {
      "version": "2.2.0",
      "resolved": "https://registry.npmjs.org/logrocket/-/logrocket-2.2.0.tgz",
      "integrity": "sha512-YYZqYj4UjC9h992+yNt5E+h1bXCKyVjTa1UlbgK/onhLfNV/78tRqw9Ti7XBcwqOgaFsD2xrDDl+emZH36ch8g=="
    }
  }
}
